
Microsoft Visual Studio Solution File, Format Version 10.00
# Visual Studio 2008
Project("{8BC9CEB8-8B4A-11D0-8D11-00A0C91BC942}") = "gambit-playground", "gambit-playground.vcproj", "{789ACAF4-F22D-46B3-B60D-8B4583745FCE}"
EndProject
Global
	GlobalSection(SolutionConfigurationPlatforms) = preSolution
		Debug|Win32 = Debug|Win32
		Release|Win32 = Release|Win32
	EndGlobalSection
	GlobalSection(ProjectConfigurationPlatforms) = postSolution
		{789ACAF4-F22D-46B3-B60D-8B4583745FCE}.Debug|Win32.ActiveCfg = Debug|Win32
		{789ACAF4-F22D-46B3-B60D-8B4583745FCE}.Debug|Win32.Build.0 = Debug|Win32
		{789ACAF4-F22D-46B3-B60D-8B4583745FCE}.Release|Win32.ActiveCfg = Release|Win32
		{789ACAF4-F22D-46B3-B60D-8B4583745FCE}.Release|Win32.Build.0 = Release|Win32
	EndGlobalSection
	GlobalSection(SolutionProperties) = preSolution
		HideSolutionNode = FALSE
	EndGlobalSection
EndGlobal
